
Microsoft Visual Studio Solution File, Format Version 12.00
# Visual Studio Version 16
VisualStudioVersion = 16.0.30204.135
MinimumVisualStudioVersion = 10.0.40219.1
Project("{9A19103F-16F7-4668-BE54-9A1E7A4F7556}") = "QBasket_demo", "QBasket_demo.csproj", "{35D30AF6-0933-4A71-9C6E-45916FEBA7D6}"
EndProject
Global
	GlobalSection(SolutionConfigurationPlatforms) = preSolution
		All|Any CPU = All|Any CPU
		All|ARM = All|ARM
		All|ARM64 = All|ARM64
		All|x64 = All|x64
		All|x86 = All|x86
		Debug|Any CPU = Debug|Any CPU
		Debug|ARM = Debug|ARM
		Debug|ARM64 = Debug|ARM64
		Debug|x64 = Debug|x64
		Debug|x86 = Debug|x86
		QBasket_Nasa|Any CPU = QBasket_Nasa|Any CPU
		QBasket_Nasa|ARM = QBasket_Nasa|ARM
		QBasket_Nasa|ARM64 = QBasket_Nasa|ARM64
		QBasket_Nasa|x64 = QBasket_Nasa|x64
		QBasket_Nasa|x86 = QBasket_Nasa|x86
		Release|Any CPU = Release|Any CPU
		Release|ARM = Release|ARM
		Release|ARM64 = Release|ARM64
		Release|x64 = Release|x64
		Release|x86 = Release|x86
	EndGlobalSection
	GlobalSection(ProjectConfigurationPlatforms) = postSolution
		{35D30AF6-0933-4A71-9C6E-45916FEBA7D6}.All|Any CPU.ActiveCfg = QBasket_Nasa|Any CPU
		{35D30AF6-0933-4A71-9C6E-45916FEBA7D6}.All|Any CPU.Build.0 = QBasket_Nasa|Any CPU
		{35D30AF6-0933-4A71-9C6E-45916FEBA7D6}.All|ARM.ActiveCfg = QBasket_Nasa|Any CPU
		{35D30AF6-0933-4A71-9C6E-45916FEBA7D6}.All|ARM.Build.0 = QBasket_Nasa|Any CPU
		{35D30AF6-0933-4A71-9C6E-45916FEBA7D6}.All|ARM64.ActiveCfg = QBasket_Nasa|Any CPU
		{35D30AF6-0933-4A71-9C6E-45916FEBA7D6}.All|ARM64.Build.0 = QBasket_Nasa|Any CPU
		{35D30AF6-0933-4A71-9C6E-45916FEBA7D6}.All|x64.ActiveCfg = QBasket_Nasa|Any CPU
		{35D30AF6-0933-4A71-9C6E-45916FEBA7D6}.All|x64.Build.0 = QBasket_Nasa|Any CPU
		{35D30AF6-0933-4A71-9C6E-45916FEBA7D6}.All|x86.ActiveCfg = QBasket_Nasa|Any CPU
		{35D30AF6-0933-4A71-9C6E-45916FEBA7D6}.All|x86.Build.0 = QBasket_Nasa|Any CPU
		{35D30AF6-0933-4A71-9C6E-45916FEBA7D6}.Debug|Any CPU.ActiveCfg = Debug|Any CPU
		{35D30AF6-0933-4A71-9C6E-45916FEBA7D6}.Debug|Any CPU.Build.0 = Debug|Any CPU
		{35D30AF6-0933-4A71-9C6E-45916FEBA7D6}.Debug|ARM.ActiveCfg = Debug|Any CPU
		{35D30AF6-0933-4A71-9C6E-45916FEBA7D6}.Debug|ARM.Build.0 = Debug|Any CPU
		{35D30AF6-0933-4A71-9C6E-45916FEBA7D6}.Debug|ARM64.ActiveCfg = Debug|Any CPU
		{35D30AF6-0933-4A71-9C6E-45916FEBA7D6}.Debug|ARM64.Build.0 = Debug|Any CPU
		{35D30AF6-0933-4A71-9C6E-45916FEBA7D6}.Debug|x64.ActiveCfg = Debug|Any CPU
		{35D30AF6-0933-4A71-9C6E-45916FEBA7D6}.Debug|x64.Build.0 = Debug|Any CPU
		{35D30AF6-0933-4A71-9C6E-45916FEBA7D6}.Debug|x86.ActiveCfg = Debug|Any CPU
		{35D30AF6-0933-4A71-9C6E-45916FEBA7D6}.Debug|x86.Build.0 = Debug|Any CPU
		{35D30AF6-0933-4A71-9C6E-45916FEBA7D6}.QBasket_Nasa|Any CPU.ActiveCfg = Release|Any CPU
		{35D30AF6-0933-4A71-9C6E-45916FEBA7D6}.QBasket_Nasa|Any CPU.Build.0 = Release|Any CPU
		{35D30AF6-0933-4A71-9C6E-45916FEBA7D6}.QBasket_Nasa|ARM.ActiveCfg = QBasket_Nasa|Any CPU
		{35D30AF6-0933-4A71-9C6E-45916FEBA7D6}.QBasket_Nasa|ARM.Build.0 = QBasket_Nasa|Any CPU
		{35D30AF6-0933-4A71-9C6E-45916FEBA7D6}.QBasket_Nasa|ARM64.ActiveCfg = QBasket_Nasa|Any CPU
		{35D30AF6-0933-4A71-9C6E-45916FEBA7D6}.QBasket_Nasa|ARM64.Build.0 = QBasket_Nasa|Any CPU
		{35D30AF6-0933-4A71-9C6E-45916FEBA7D6}.QBasket_Nasa|x64.ActiveCfg = QBasket_Nasa|Any CPU
		{35D30AF6-0933-4A71-9C6E-45916FEBA7D6}.QBasket_Nasa|x64.Build.0 = QBasket_Nasa|Any CPU
		{35D30AF6-0933-4A71-9C6E-45916FEBA7D6}.QBasket_Nasa|x86.ActiveCfg = QBasket_Nasa|Any CPU
		{35D30AF6-0933-4A71-9C6E-45916FEBA7D6}.QBasket_Nasa|x86.Build.0 = QBasket_Nasa|Any CPU
		{35D30AF6-0933-4A71-9C6E-45916FEBA7D6}.Release|Any CPU.ActiveCfg = Release|Any CPU
		{35D30AF6-0933-4A71-9C6E-45916FEBA7D6}.Release|Any CPU.Build.0 = Release|Any CPU
		{35D30AF6-0933-4A71-9C6E-45916FEBA7D6}.Release|ARM.ActiveCfg = Release|Any CPU
		{35D30AF6-0933-4A71-9C6E-45916FEBA7D6}.Release|ARM.Build.0 = Release|Any CPU
		{35D30AF6-0933-4A71-9C6E-45916FEBA7D6}.Release|ARM64.ActiveCfg = Release|Any CPU
		{35D30AF6-0933-4A71-9C6E-45916FEBA7D6}.Release|ARM64.Build.0 = Release|Any CPU
		{35D30AF6-0933-4A71-9C6E-45916FEBA7D6}.Release|x64.ActiveCfg = Release|Any CPU
		{35D30AF6-0933-4A71-9C6E-45916FEBA7D6}.Release|x64.Build.0 = Release|Any CPU
		{35D30AF6-0933-4A71-9C6E-45916FEBA7D6}.Release|x86.ActiveCfg = Release|Any CPU
		{35D30AF6-0933-4A71-9C6E-45916FEBA7D6}.Release|x86.Build.0 = Release|Any CPU
	EndGlobalSection
	GlobalSection(SolutionProperties) = preSolution
		HideSolutionNode = FALSE
	EndGlobalSection
	GlobalSection(ExtensibilityGlobals) = postSolution
		SolutionGuid = {613E066A-AA00-4BFD-B8E0-8DE93287B056}
	EndGlobalSection
EndGlobal
